
Microsoft Visual Studio Solution File, Format Version 12.00
# Visual Studio Version 16
VisualStudioVersion = 16.0.808.10
MinimumVisualStudioVersion = 10.0.40219.1
Project("{FAE04EC0-301F-11D3-BF4B-00C04F79EFBC}") = "KursWalutNBP", "KursWalutNBP\KursWalutNBP.csproj", "{5D0E150F-39F3-4EEF-8EAD-C5269F83769D}"
EndProject
Project("{FAE04EC0-301F-11D3-BF4B-00C04F79EFBC}") = "KursWalutNBPLib", "KursWalutNBPLib\KursWalutNBPLib.csproj", "{BB7C8FB5-889E-4F2B-B332-A74EE5F8BCF1}"
EndProject
Global
	GlobalSection(SolutionConfigurationPlatforms) = preSolution
		Debug|Any CPU = Debug|Any CPU
		Release|Any CPU = Release|Any CPU
	EndGlobalSection
	GlobalSection(ProjectConfigurationPlatforms) = postSolution
		{5D0E150F-39F3-4EEF-8EAD-C5269F83769D}.Debug|Any CPU.ActiveCfg = Debug|Any CPU
		{5D0E150F-39F3-4EEF-8EAD-C5269F83769D}.Debug|Any CPU.Build.0 = Debug|Any CPU
		{5D0E150F-39F3-4EEF-8EAD-C5269F83769D}.Release|Any CPU.ActiveCfg = Release|Any CPU
		{5D0E150F-39F3-4EEF-8EAD-C5269F83769D}.Release|Any CPU.Build.0 = Release|Any CPU
		{BB7C8FB5-889E-4F2B-B332-A74EE5F8BCF1}.Debug|Any CPU.ActiveCfg = Debug|Any CPU
		{BB7C8FB5-889E-4F2B-B332-A74EE5F8BCF1}.Debug|Any CPU.Build.0 = Debug|Any CPU
		{BB7C8FB5-889E-4F2B-B332-A74EE5F8BCF1}.Release|Any CPU.ActiveCfg = Release|Any CPU
		{BB7C8FB5-889E-4F2B-B332-A74EE5F8BCF1}.Release|Any CPU.Build.0 = Release|Any CPU
	EndGlobalSection
	GlobalSection(SolutionProperties) = preSolution
		HideSolutionNode = FALSE
	EndGlobalSection
	GlobalSection(ExtensibilityGlobals) = postSolution
		SolutionGuid = {0FC059D4-C233-4F8C-BC81-6A05039FA5F0}
	EndGlobalSection
EndGlobal
